
Microsoft Visual Studio Solution File, Format Version 12.00
# Visual Studio Version 16
VisualStudioVersion = 16.0.30104.148
MinimumVisualStudioVersion = 10.0.40219.1
Project("{FAE04EC0-301F-11D3-BF4B-00C04F79EFBC}") = "RollTool", "RollTool\RollTool.csproj", "{92AC557E-90FB-4944-8D00-0D8D907DD337}"
EndProject
Global
	GlobalSection(SolutionConfigurationPlatforms) = preSolution
		Debug|Any CPU = Debug|Any CPU
		Release|Any CPU = Release|Any CPU
	EndGlobalSection
	GlobalSection(ProjectConfigurationPlatforms) = postSolution
		{92AC557E-90FB-4944-8D00-0D8D907DD337}.Debug|Any CPU.ActiveCfg = Debug|Any CPU
		{92AC557E-90FB-4944-8D00-0D8D907DD337}.Debug|Any CPU.Build.0 = Debug|Any CPU
		{92AC557E-90FB-4944-8D00-0D8D907DD337}.Release|Any CPU.ActiveCfg = Release|Any CPU
		{92AC557E-90FB-4944-8D00-0D8D907DD337}.Release|Any CPU.Build.0 = Release|Any CPU
	EndGlobalSection
	GlobalSection(SolutionProperties) = preSolution
		HideSolutionNode = FALSE
	EndGlobalSection
	GlobalSection(ExtensibilityGlobals) = postSolution
		SolutionGuid = {3164101B-D374-4774-A04E-FE3DDC3F7269}
	EndGlobalSection
EndGlobal
